
Microsoft Visual Studio Solution File, Format Version 12.00
# Visual Studio 14
VisualStudioVersion = 14.0.25420.1
MinimumVisualStudioVersion = 10.0.40219.1
Project("{2150E333-8FDC-42A3-9474-1A3956D46DE8}") = "src", "src", "{7E632BD2-F8D4-4A1A-A4B5-BBF65CD25674}"
EndProject
Project("{2150E333-8FDC-42A3-9474-1A3956D46DE8}") = "Solution Items", "Solution Items", "{164B95F5-E8E2-42A8-A49B-4DDF4C4D066D}"
	ProjectSection(SolutionItems) = preProject
		.gitattributes = .gitattributes
		.gitignore = .gitignore
		global.json = global.json
		LICENSE.md = LICENSE.md
		README.md = README.md
	EndProjectSection
EndProject
Project("{8BB2217D-0F2D-49D1-97BC-3654ED321F3B}") = "Common", "src\Common\Common.xproj", "{A3D3FE64-9CA1-409A-B185-8733E64CAFBD}"
EndProject
Project("{8BB2217D-0F2D-49D1-97BC-3654ED321F3B}") = "JSend", "src\JSend\JSend.xproj", "{29371E8A-FE83-41C4-9A4C-E64E933CD36F}"
EndProject
Project("{8BB2217D-0F2D-49D1-97BC-3654ED321F3B}") = "JSend.Http", "src\JSend.Http\JSend.Http.xproj", "{3AFA30F7-BC80-4ABD-9B6C-F1C90764449F}"
EndProject
Project("{8BB2217D-0F2D-49D1-97BC-3654ED321F3B}") = "Common.Data", "src\Common.Data\Common.Data.xproj", "{0EF8B51B-941F-452E-B66A-B20A6C047369}"
EndProject
Project("{8BB2217D-0F2D-49D1-97BC-3654ED321F3B}") = "Generators", "src\Generators\Generators.xproj", "{4310F2AF-38B8-45B5-B1EC-C465623F8138}"
EndProject
Project("{8BB2217D-0F2D-49D1-97BC-3654ED321F3B}") = "Http", "src\Http\Http.xproj", "{8FB4E101-966D-4E87-8E89-6D85CA60E258}"
EndProject
Project("{2150E333-8FDC-42A3-9474-1A3956D46DE8}") = "tests", "tests", "{DF8CAB3F-0A32-4168-B16A-D7CED304C756}"
EndProject
Project("{8BB2217D-0F2D-49D1-97BC-3654ED321F3B}") = "Tests", "tests\Tests\Tests.xproj", "{56EE981B-A712-4662-9136-0D93EB5D25AD}"
EndProject
Global
	GlobalSection(SolutionConfigurationPlatforms) = preSolution
		Debug|Any CPU = Debug|Any CPU
		Release|Any CPU = Release|Any CPU
	EndGlobalSection
	GlobalSection(ProjectConfigurationPlatforms) = postSolution
		{A3D3FE64-9CA1-409A-B185-8733E64CAFBD}.Debug|Any CPU.ActiveCfg = Debug|Any CPU
		{A3D3FE64-9CA1-409A-B185-8733E64CAFBD}.Debug|Any CPU.Build.0 = Debug|Any CPU
		{A3D3FE64-9CA1-409A-B185-8733E64CAFBD}.Release|Any CPU.ActiveCfg = Release|Any CPU
		{A3D3FE64-9CA1-409A-B185-8733E64CAFBD}.Release|Any CPU.Build.0 = Release|Any CPU
		{29371E8A-FE83-41C4-9A4C-E64E933CD36F}.Debug|Any CPU.ActiveCfg = Debug|Any CPU
		{29371E8A-FE83-41C4-9A4C-E64E933CD36F}.Debug|Any CPU.Build.0 = Debug|Any CPU
		{29371E8A-FE83-41C4-9A4C-E64E933CD36F}.Release|Any CPU.ActiveCfg = Release|Any CPU
		{29371E8A-FE83-41C4-9A4C-E64E933CD36F}.Release|Any CPU.Build.0 = Release|Any CPU
		{3AFA30F7-BC80-4ABD-9B6C-F1C90764449F}.Debug|Any CPU.ActiveCfg = Debug|Any CPU
		{3AFA30F7-BC80-4ABD-9B6C-F1C90764449F}.Debug|Any CPU.Build.0 = Debug|Any CPU
		{3AFA30F7-BC80-4ABD-9B6C-F1C90764449F}.Release|Any CPU.ActiveCfg = Release|Any CPU
		{3AFA30F7-BC80-4ABD-9B6C-F1C90764449F}.Release|Any CPU.Build.0 = Release|Any CPU
		{0EF8B51B-941F-452E-B66A-B20A6C047369}.Debug|Any CPU.ActiveCfg = Debug|Any CPU
		{0EF8B51B-941F-452E-B66A-B20A6C047369}.Debug|Any CPU.Build.0 = Debug|Any CPU
		{0EF8B51B-941F-452E-B66A-B20A6C047369}.Release|Any CPU.ActiveCfg = Release|Any CPU
		{0EF8B51B-941F-452E-B66A-B20A6C047369}.Release|Any CPU.Build.0 = Release|Any CPU
		{4310F2AF-38B8-45B5-B1EC-C465623F8138}.Debug|Any CPU.ActiveCfg = Debug|Any CPU
		{4310F2AF-38B8-45B5-B1EC-C465623F8138}.Debug|Any CPU.Build.0 = Debug|Any CPU
		{4310F2AF-38B8-45B5-B1EC-C465623F8138}.Release|Any CPU.ActiveCfg = Release|Any CPU
		{4310F2AF-38B8-45B5-B1EC-C465623F8138}.Release|Any CPU.Build.0 = Release|Any CPU
		{8FB4E101-966D-4E87-8E89-6D85CA60E258}.Debug|Any CPU.ActiveCfg = Debug|Any CPU
		{8FB4E101-966D-4E87-8E89-6D85CA60E258}.Debug|Any CPU.Build.0 = Debug|Any CPU
		{8FB4E101-966D-4E87-8E89-6D85CA60E258}.Release|Any CPU.ActiveCfg = Release|Any CPU
		{8FB4E101-966D-4E87-8E89-6D85CA60E258}.Release|Any CPU.Build.0 = Release|Any CPU
		{56EE981B-A712-4662-9136-0D93EB5D25AD}.Debug|Any CPU.ActiveCfg = Debug|Any CPU
		{56EE981B-A712-4662-9136-0D93EB5D25AD}.Debug|Any CPU.Build.0 = Debug|Any CPU
		{56EE981B-A712-4662-9136-0D93EB5D25AD}.Release|Any CPU.ActiveCfg = Release|Any CPU
		{56EE981B-A712-4662-9136-0D93EB5D25AD}.Release|Any CPU.Build.0 = Release|Any CPU
	EndGlobalSection
	GlobalSection(SolutionProperties) = preSolution
		HideSolutionNode = FALSE
	EndGlobalSection
	GlobalSection(NestedProjects) = preSolution
		{A3D3FE64-9CA1-409A-B185-8733E64CAFBD} = {7E632BD2-F8D4-4A1A-A4B5-BBF65CD25674}
		{29371E8A-FE83-41C4-9A4C-E64E933CD36F} = {7E632BD2-F8D4-4A1A-A4B5-BBF65CD25674}
		{3AFA30F7-BC80-4ABD-9B6C-F1C90764449F} = {7E632BD2-F8D4-4A1A-A4B5-BBF65CD25674}
		{0EF8B51B-941F-452E-B66A-B20A6C047369} = {7E632BD2-F8D4-4A1A-A4B5-BBF65CD25674}
		{4310F2AF-38B8-45B5-B1EC-C465623F8138} = {7E632BD2-F8D4-4A1A-A4B5-BBF65CD25674}
		{8FB4E101-966D-4E87-8E89-6D85CA60E258} = {7E632BD2-F8D4-4A1A-A4B5-BBF65CD25674}
		{56EE981B-A712-4662-9136-0D93EB5D25AD} = {DF8CAB3F-0A32-4168-B16A-D7CED304C756}
	EndGlobalSection
EndGlobal
