
Microsoft Visual Studio Solution File, Format Version 12.00
# Visual Studio 15
VisualStudioVersion = 15.0.27004.2009
MinimumVisualStudioVersion = 10.0.40219.1
Project("{2150E333-8FDC-42A3-9474-1A3956D46DE8}") = "src", "src", "{7E632BD2-F8D4-4A1A-A4B5-BBF65CD25674}"
EndProject
Project("{2150E333-8FDC-42A3-9474-1A3956D46DE8}") = "Solution Items", "Solution Items", "{164B95F5-E8E2-42A8-A49B-4DDF4C4D066D}"
	ProjectSection(SolutionItems) = preProject
		.gitattributes = .gitattributes
		.gitignore = .gitignore
		.travis.yml = .travis.yml
		build.cmd = build.cmd
		Common.props = Common.props
		cover.cmd = cover.cmd
		global.json = global.json
		LICENSE.md = LICENSE.md
		nuget.cmd = nuget.cmd
		README.md = README.md
		test.cmd = test.cmd
	EndProjectSection
EndProject
Project("{2150E333-8FDC-42A3-9474-1A3956D46DE8}") = "tests", "tests", "{DF8CAB3F-0A32-4168-B16A-D7CED304C756}"
EndProject
Project("{9A19103F-16F7-4668-BE54-9A1E7A4F7556}") = "Common", "src\Common\Common.csproj", "{956DC4DC-16AE-49F2-84DE-442909085530}"
EndProject
Project("{9A19103F-16F7-4668-BE54-9A1E7A4F7556}") = "Data", "src\Data\Data.csproj", "{C18C282B-6E1F-4DEF-B342-166BD9421B9A}"
EndProject
Project("{9A19103F-16F7-4668-BE54-9A1E7A4F7556}") = "Generators", "src\Generators\Generators.csproj", "{AA96DE8F-C65A-4CD1-BC27-4BE7E07DAD17}"
EndProject
Project("{9A19103F-16F7-4668-BE54-9A1E7A4F7556}") = "Http", "src\Http\Http.csproj", "{725F24E4-D8C9-469B-9CFE-CEED6E8AD82E}"
EndProject
Project("{9A19103F-16F7-4668-BE54-9A1E7A4F7556}") = "JSend", "src\JSend\JSend.csproj", "{5C92099D-6DD9-4BE7-ADDD-1C0B60944AA6}"
EndProject
Project("{9A19103F-16F7-4668-BE54-9A1E7A4F7556}") = "JSend.Http", "src\JSend.Http\JSend.Http.csproj", "{E826598E-6A8C-483B-AC05-311453F9D694}"
EndProject
Project("{9A19103F-16F7-4668-BE54-9A1E7A4F7556}") = "Security", "src\Security\Security.csproj", "{5A1A063C-FC20-485E-813E-B03C8215379E}"
EndProject
Project("{9A19103F-16F7-4668-BE54-9A1E7A4F7556}") = "Security.JwtWrapper", "src\Security.JwtWrapper\Security.JwtWrapper.csproj", "{6E04745B-5813-45C8-A4BC-11CC0151C139}"
EndProject
Project("{9A19103F-16F7-4668-BE54-9A1E7A4F7556}") = "Tests", "tests\Tests\Tests.csproj", "{73A737B0-DA0D-47B9-BA6D-F6164A3FFF34}"
EndProject
Project("{9A19103F-16F7-4668-BE54-9A1E7A4F7556}") = "Security.Auth", "src\Auth\Security.Auth.csproj", "{7523E409-A9BF-4F1B-9ED2-8A4579721CF6}"
EndProject
Project("{9A19103F-16F7-4668-BE54-9A1E7A4F7556}") = "Data.Http", "src\Data.Http\Data.Http.csproj", "{5CDE1B55-84DD-4729-AEAE-4399CAD37AF9}"
EndProject
Global
	GlobalSection(SolutionConfigurationPlatforms) = preSolution
		Debug|Any CPU = Debug|Any CPU
		Release|Any CPU = Release|Any CPU
	EndGlobalSection
	GlobalSection(ProjectConfigurationPlatforms) = postSolution
		{956DC4DC-16AE-49F2-84DE-442909085530}.Debug|Any CPU.ActiveCfg = Debug|Any CPU
		{956DC4DC-16AE-49F2-84DE-442909085530}.Debug|Any CPU.Build.0 = Debug|Any CPU
		{956DC4DC-16AE-49F2-84DE-442909085530}.Release|Any CPU.ActiveCfg = Release|Any CPU
		{956DC4DC-16AE-49F2-84DE-442909085530}.Release|Any CPU.Build.0 = Release|Any CPU
		{C18C282B-6E1F-4DEF-B342-166BD9421B9A}.Debug|Any CPU.ActiveCfg = Debug|Any CPU
		{C18C282B-6E1F-4DEF-B342-166BD9421B9A}.Debug|Any CPU.Build.0 = Debug|Any CPU
		{C18C282B-6E1F-4DEF-B342-166BD9421B9A}.Release|Any CPU.ActiveCfg = Release|Any CPU
		{C18C282B-6E1F-4DEF-B342-166BD9421B9A}.Release|Any CPU.Build.0 = Release|Any CPU
		{AA96DE8F-C65A-4CD1-BC27-4BE7E07DAD17}.Debug|Any CPU.ActiveCfg = Debug|Any CPU
		{AA96DE8F-C65A-4CD1-BC27-4BE7E07DAD17}.Debug|Any CPU.Build.0 = Debug|Any CPU
		{AA96DE8F-C65A-4CD1-BC27-4BE7E07DAD17}.Release|Any CPU.ActiveCfg = Release|Any CPU
		{AA96DE8F-C65A-4CD1-BC27-4BE7E07DAD17}.Release|Any CPU.Build.0 = Release|Any CPU
		{725F24E4-D8C9-469B-9CFE-CEED6E8AD82E}.Debug|Any CPU.ActiveCfg = Debug|Any CPU
		{725F24E4-D8C9-469B-9CFE-CEED6E8AD82E}.Debug|Any CPU.Build.0 = Debug|Any CPU
		{725F24E4-D8C9-469B-9CFE-CEED6E8AD82E}.Release|Any CPU.ActiveCfg = Release|Any CPU
		{725F24E4-D8C9-469B-9CFE-CEED6E8AD82E}.Release|Any CPU.Build.0 = Release|Any CPU
		{5C92099D-6DD9-4BE7-ADDD-1C0B60944AA6}.Debug|Any CPU.ActiveCfg = Debug|Any CPU
		{5C92099D-6DD9-4BE7-ADDD-1C0B60944AA6}.Debug|Any CPU.Build.0 = Debug|Any CPU
		{5C92099D-6DD9-4BE7-ADDD-1C0B60944AA6}.Release|Any CPU.ActiveCfg = Release|Any CPU
		{5C92099D-6DD9-4BE7-ADDD-1C0B60944AA6}.Release|Any CPU.Build.0 = Release|Any CPU
		{E826598E-6A8C-483B-AC05-311453F9D694}.Debug|Any CPU.ActiveCfg = Debug|Any CPU
		{E826598E-6A8C-483B-AC05-311453F9D694}.Debug|Any CPU.Build.0 = Debug|Any CPU
		{E826598E-6A8C-483B-AC05-311453F9D694}.Release|Any CPU.ActiveCfg = Release|Any CPU
		{E826598E-6A8C-483B-AC05-311453F9D694}.Release|Any CPU.Build.0 = Release|Any CPU
		{5A1A063C-FC20-485E-813E-B03C8215379E}.Debug|Any CPU.ActiveCfg = Debug|Any CPU
		{5A1A063C-FC20-485E-813E-B03C8215379E}.Debug|Any CPU.Build.0 = Debug|Any CPU
		{5A1A063C-FC20-485E-813E-B03C8215379E}.Release|Any CPU.ActiveCfg = Release|Any CPU
		{5A1A063C-FC20-485E-813E-B03C8215379E}.Release|Any CPU.Build.0 = Release|Any CPU
		{6E04745B-5813-45C8-A4BC-11CC0151C139}.Debug|Any CPU.ActiveCfg = Debug|Any CPU
		{6E04745B-5813-45C8-A4BC-11CC0151C139}.Debug|Any CPU.Build.0 = Debug|Any CPU
		{6E04745B-5813-45C8-A4BC-11CC0151C139}.Release|Any CPU.ActiveCfg = Release|Any CPU
		{6E04745B-5813-45C8-A4BC-11CC0151C139}.Release|Any CPU.Build.0 = Release|Any CPU
		{73A737B0-DA0D-47B9-BA6D-F6164A3FFF34}.Debug|Any CPU.ActiveCfg = Debug|Any CPU
		{73A737B0-DA0D-47B9-BA6D-F6164A3FFF34}.Debug|Any CPU.Build.0 = Debug|Any CPU
		{73A737B0-DA0D-47B9-BA6D-F6164A3FFF34}.Release|Any CPU.ActiveCfg = Release|Any CPU
		{73A737B0-DA0D-47B9-BA6D-F6164A3FFF34}.Release|Any CPU.Build.0 = Release|Any CPU
		{7523E409-A9BF-4F1B-9ED2-8A4579721CF6}.Debug|Any CPU.ActiveCfg = Debug|Any CPU
		{7523E409-A9BF-4F1B-9ED2-8A4579721CF6}.Debug|Any CPU.Build.0 = Debug|Any CPU
		{7523E409-A9BF-4F1B-9ED2-8A4579721CF6}.Release|Any CPU.ActiveCfg = Release|Any CPU
		{7523E409-A9BF-4F1B-9ED2-8A4579721CF6}.Release|Any CPU.Build.0 = Release|Any CPU
		{5CDE1B55-84DD-4729-AEAE-4399CAD37AF9}.Debug|Any CPU.ActiveCfg = Debug|Any CPU
		{5CDE1B55-84DD-4729-AEAE-4399CAD37AF9}.Debug|Any CPU.Build.0 = Debug|Any CPU
		{5CDE1B55-84DD-4729-AEAE-4399CAD37AF9}.Release|Any CPU.ActiveCfg = Release|Any CPU
		{5CDE1B55-84DD-4729-AEAE-4399CAD37AF9}.Release|Any CPU.Build.0 = Release|Any CPU
	EndGlobalSection
	GlobalSection(SolutionProperties) = preSolution
		HideSolutionNode = FALSE
	EndGlobalSection
	GlobalSection(NestedProjects) = preSolution
		{956DC4DC-16AE-49F2-84DE-442909085530} = {7E632BD2-F8D4-4A1A-A4B5-BBF65CD25674}
		{C18C282B-6E1F-4DEF-B342-166BD9421B9A} = {7E632BD2-F8D4-4A1A-A4B5-BBF65CD25674}
		{AA96DE8F-C65A-4CD1-BC27-4BE7E07DAD17} = {7E632BD2-F8D4-4A1A-A4B5-BBF65CD25674}
		{725F24E4-D8C9-469B-9CFE-CEED6E8AD82E} = {7E632BD2-F8D4-4A1A-A4B5-BBF65CD25674}
		{5C92099D-6DD9-4BE7-ADDD-1C0B60944AA6} = {7E632BD2-F8D4-4A1A-A4B5-BBF65CD25674}
		{E826598E-6A8C-483B-AC05-311453F9D694} = {7E632BD2-F8D4-4A1A-A4B5-BBF65CD25674}
		{5A1A063C-FC20-485E-813E-B03C8215379E} = {7E632BD2-F8D4-4A1A-A4B5-BBF65CD25674}
		{6E04745B-5813-45C8-A4BC-11CC0151C139} = {7E632BD2-F8D4-4A1A-A4B5-BBF65CD25674}
		{73A737B0-DA0D-47B9-BA6D-F6164A3FFF34} = {DF8CAB3F-0A32-4168-B16A-D7CED304C756}
		{7523E409-A9BF-4F1B-9ED2-8A4579721CF6} = {7E632BD2-F8D4-4A1A-A4B5-BBF65CD25674}
		{5CDE1B55-84DD-4729-AEAE-4399CAD37AF9} = {7E632BD2-F8D4-4A1A-A4B5-BBF65CD25674}
	EndGlobalSection
	GlobalSection(ExtensibilityGlobals) = postSolution
		SolutionGuid = {9890F34E-769E-4F08-848E-F3DCE14F1DFE}
	EndGlobalSection
EndGlobal
